
Microsoft Visual Studio Solution File, Format Version 12.00
# Visual Studio Version 16
VisualStudioVersion = 16.0.28917.182
MinimumVisualStudioVersion = 10.0.40219.1
Project("{FAE04EC0-301F-11D3-BF4B-00C04F79EFBC}") = "Imago", "Imago.csproj", "{6FF23802-B2CA-4E03-ACA5-CD8A335B1E42}"
EndProject
Project("{FAE04EC0-301F-11D3-BF4B-00C04F79EFBC}") = "ShareX", "..\ext\ShareX\ShareX\ShareX.csproj", "{C5AE4585-E9EC-4FA3-B75A-E1210635ACB6}"
EndProject
Global
	GlobalSection(SolutionConfigurationPlatforms) = preSolution
		Debug|Any CPU = Debug|Any CPU
		Release|Any CPU = Release|Any CPU
		Steam|Any CPU = Steam|Any CPU
		WindowsStore|Any CPU = WindowsStore|Any CPU
		WindowsStoreDebug|Any CPU = WindowsStoreDebug|Any CPU
	EndGlobalSection
	GlobalSection(ProjectConfigurationPlatforms) = postSolution
		{6FF23802-B2CA-4E03-ACA5-CD8A335B1E42}.Debug|Any CPU.ActiveCfg = Debug|Any CPU
		{6FF23802-B2CA-4E03-ACA5-CD8A335B1E42}.Debug|Any CPU.Build.0 = Debug|Any CPU
		{6FF23802-B2CA-4E03-ACA5-CD8A335B1E42}.Release|Any CPU.ActiveCfg = Release|Any CPU
		{6FF23802-B2CA-4E03-ACA5-CD8A335B1E42}.Release|Any CPU.Build.0 = Release|Any CPU
		{6FF23802-B2CA-4E03-ACA5-CD8A335B1E42}.Steam|Any CPU.ActiveCfg = Release|Any CPU
		{6FF23802-B2CA-4E03-ACA5-CD8A335B1E42}.Steam|Any CPU.Build.0 = Release|Any CPU
		{6FF23802-B2CA-4E03-ACA5-CD8A335B1E42}.WindowsStore|Any CPU.ActiveCfg = Release|Any CPU
		{6FF23802-B2CA-4E03-ACA5-CD8A335B1E42}.WindowsStore|Any CPU.Build.0 = Release|Any CPU
		{6FF23802-B2CA-4E03-ACA5-CD8A335B1E42}.WindowsStoreDebug|Any CPU.ActiveCfg = Debug|Any CPU
		{6FF23802-B2CA-4E03-ACA5-CD8A335B1E42}.WindowsStoreDebug|Any CPU.Build.0 = Debug|Any CPU
		{C5AE4585-E9EC-4FA3-B75A-E1210635ACB6}.Debug|Any CPU.ActiveCfg = Debug|Any CPU
		{C5AE4585-E9EC-4FA3-B75A-E1210635ACB6}.Debug|Any CPU.Build.0 = Debug|Any CPU
		{C5AE4585-E9EC-4FA3-B75A-E1210635ACB6}.Release|Any CPU.ActiveCfg = Release|Any CPU
		{C5AE4585-E9EC-4FA3-B75A-E1210635ACB6}.Release|Any CPU.Build.0 = Release|Any CPU
		{C5AE4585-E9EC-4FA3-B75A-E1210635ACB6}.Steam|Any CPU.ActiveCfg = Steam|Any CPU
		{C5AE4585-E9EC-4FA3-B75A-E1210635ACB6}.Steam|Any CPU.Build.0 = Steam|Any CPU
		{C5AE4585-E9EC-4FA3-B75A-E1210635ACB6}.WindowsStore|Any CPU.ActiveCfg = WindowsStore|Any CPU
		{C5AE4585-E9EC-4FA3-B75A-E1210635ACB6}.WindowsStore|Any CPU.Build.0 = WindowsStore|Any CPU
		{C5AE4585-E9EC-4FA3-B75A-E1210635ACB6}.WindowsStoreDebug|Any CPU.ActiveCfg = WindowsStoreDebug|Any CPU
		{C5AE4585-E9EC-4FA3-B75A-E1210635ACB6}.WindowsStoreDebug|Any CPU.Build.0 = WindowsStoreDebug|Any CPU
	EndGlobalSection
	GlobalSection(SolutionProperties) = preSolution
		HideSolutionNode = FALSE
	EndGlobalSection
	GlobalSection(ExtensibilityGlobals) = postSolution
		SolutionGuid = {B5A91E83-E637-495F-A21A-48C43052955A}
	EndGlobalSection
EndGlobal
