
Microsoft Visual Studio Solution File, Format Version 12.00
# Visual Studio Version 16
VisualStudioVersion = 16.0.28917.182
MinimumVisualStudioVersion = 10.0.40219.1
Project("{FAE04EC0-301F-11D3-BF4B-00C04F79EFBC}") = "Imago", "Imago.csproj", "{6FF23802-B2CA-4E03-ACA5-CD8A335B1E42}"
EndProject
Project("{FAE04EC0-301F-11D3-BF4B-00C04F79EFBC}") = "ShareX", "..\ext\ShareX\ShareX\ShareX.csproj", "{C5AE4585-E9EC-4FA3-B75A-E1210635ACB6}"
EndProject
Project("{FAE04EC0-301F-11D3-BF4B-00C04F79EFBC}") = "ShareX.HelpersLib", "..\ext\ShareX\ShareX.HelpersLib\ShareX.HelpersLib.csproj", "{327750E1-9FB7-4CC3-8AEA-9BC42180CAD3}"
EndProject
Project("{FAE04EC0-301F-11D3-BF4B-00C04F79EFBC}") = "ShareX.HistoryLib", "..\ext\ShareX\ShareX.HistoryLib\ShareX.HistoryLib.csproj", "{E7DE6237-AEA2-498B-8F56-9B392472C490}"
EndProject
Project("{FAE04EC0-301F-11D3-BF4B-00C04F79EFBC}") = "ShareX.ImageEffectsLib", "..\ext\ShareX\ShareX.ImageEffectsLib\ShareX.ImageEffectsLib.csproj", "{D13441B6-96E1-4D1B-8A95-58A7D6CB1E24}"
EndProject
Project("{FAE04EC0-301F-11D3-BF4B-00C04F79EFBC}") = "ShareX.IndexerLib", "..\ext\ShareX\ShareX.IndexerLib\ShareX.IndexerLib.csproj", "{750C6F46-2C5A-4488-81D3-3B35CA50F3EE}"
EndProject
Project("{FAE04EC0-301F-11D3-BF4B-00C04F79EFBC}") = "ShareX.MediaLib", "..\ext\ShareX\ShareX.MediaLib\ShareX.MediaLib.csproj", "{1A190E53-1419-4CC2-B0E5-3BC7EA861C8B}"
EndProject
Project("{FAE04EC0-301F-11D3-BF4B-00C04F79EFBC}") = "ShareX.NativeMessagingHost", "..\ext\ShareX\ShareX.NativeMessagingHost\ShareX.NativeMessagingHost.csproj", "{254E398D-F7F5-4B2A-9024-5C121EA6C564}"
EndProject
Project("{FAE04EC0-301F-11D3-BF4B-00C04F79EFBC}") = "ShareX.ScreenCaptureLib", "..\ext\ShareX\ShareX.ScreenCaptureLib\ShareX.ScreenCaptureLib.csproj", "{DBDB0DAA-B3AE-4CC4-A8C2-20550B7F32E3}"
EndProject
Project("{FAE04EC0-301F-11D3-BF4B-00C04F79EFBC}") = "ShareX.UploadersLib", "..\ext\ShareX\ShareX.UploadersLib\ShareX.UploadersLib.csproj", "{E1C94415-3424-4517-A2A1-B2FDD1F59C67}"
EndProject
Global
	GlobalSection(SolutionConfigurationPlatforms) = preSolution
		Debug|Any CPU = Debug|Any CPU
		Release|Any CPU = Release|Any CPU
		Steam|Any CPU = Steam|Any CPU
		WindowsStore|Any CPU = WindowsStore|Any CPU
		WindowsStoreDebug|Any CPU = WindowsStoreDebug|Any CPU
	EndGlobalSection
	GlobalSection(ProjectConfigurationPlatforms) = postSolution
		{6FF23802-B2CA-4E03-ACA5-CD8A335B1E42}.Debug|Any CPU.ActiveCfg = Debug|Any CPU
		{6FF23802-B2CA-4E03-ACA5-CD8A335B1E42}.Debug|Any CPU.Build.0 = Debug|Any CPU
		{6FF23802-B2CA-4E03-ACA5-CD8A335B1E42}.Release|Any CPU.ActiveCfg = Release|Any CPU
		{6FF23802-B2CA-4E03-ACA5-CD8A335B1E42}.Release|Any CPU.Build.0 = Release|Any CPU
		{6FF23802-B2CA-4E03-ACA5-CD8A335B1E42}.Steam|Any CPU.ActiveCfg = Release|Any CPU
		{6FF23802-B2CA-4E03-ACA5-CD8A335B1E42}.Steam|Any CPU.Build.0 = Release|Any CPU
		{6FF23802-B2CA-4E03-ACA5-CD8A335B1E42}.WindowsStore|Any CPU.ActiveCfg = Release|Any CPU
		{6FF23802-B2CA-4E03-ACA5-CD8A335B1E42}.WindowsStore|Any CPU.Build.0 = Release|Any CPU
		{6FF23802-B2CA-4E03-ACA5-CD8A335B1E42}.WindowsStoreDebug|Any CPU.ActiveCfg = Debug|Any CPU
		{6FF23802-B2CA-4E03-ACA5-CD8A335B1E42}.WindowsStoreDebug|Any CPU.Build.0 = Debug|Any CPU
		{C5AE4585-E9EC-4FA3-B75A-E1210635ACB6}.Debug|Any CPU.ActiveCfg = Debug|Any CPU
		{C5AE4585-E9EC-4FA3-B75A-E1210635ACB6}.Debug|Any CPU.Build.0 = Debug|Any CPU
		{C5AE4585-E9EC-4FA3-B75A-E1210635ACB6}.Release|Any CPU.ActiveCfg = Release|Any CPU
		{C5AE4585-E9EC-4FA3-B75A-E1210635ACB6}.Release|Any CPU.Build.0 = Release|Any CPU
		{C5AE4585-E9EC-4FA3-B75A-E1210635ACB6}.Steam|Any CPU.ActiveCfg = Steam|Any CPU
		{C5AE4585-E9EC-4FA3-B75A-E1210635ACB6}.Steam|Any CPU.Build.0 = Steam|Any CPU
		{C5AE4585-E9EC-4FA3-B75A-E1210635ACB6}.WindowsStore|Any CPU.ActiveCfg = WindowsStore|Any CPU
		{C5AE4585-E9EC-4FA3-B75A-E1210635ACB6}.WindowsStore|Any CPU.Build.0 = WindowsStore|Any CPU
		{C5AE4585-E9EC-4FA3-B75A-E1210635ACB6}.WindowsStoreDebug|Any CPU.ActiveCfg = WindowsStoreDebug|Any CPU
		{C5AE4585-E9EC-4FA3-B75A-E1210635ACB6}.WindowsStoreDebug|Any CPU.Build.0 = WindowsStoreDebug|Any CPU
		{327750E1-9FB7-4CC3-8AEA-9BC42180CAD3}.Debug|Any CPU.ActiveCfg = Debug|Any CPU
		{327750E1-9FB7-4CC3-8AEA-9BC42180CAD3}.Debug|Any CPU.Build.0 = Debug|Any CPU
		{327750E1-9FB7-4CC3-8AEA-9BC42180CAD3}.Release|Any CPU.ActiveCfg = Release|Any CPU
		{327750E1-9FB7-4CC3-8AEA-9BC42180CAD3}.Release|Any CPU.Build.0 = Release|Any CPU
		{327750E1-9FB7-4CC3-8AEA-9BC42180CAD3}.Steam|Any CPU.ActiveCfg = Steam|Any CPU
		{327750E1-9FB7-4CC3-8AEA-9BC42180CAD3}.Steam|Any CPU.Build.0 = Steam|Any CPU
		{327750E1-9FB7-4CC3-8AEA-9BC42180CAD3}.WindowsStore|Any CPU.ActiveCfg = WindowsStore|Any CPU
		{327750E1-9FB7-4CC3-8AEA-9BC42180CAD3}.WindowsStore|Any CPU.Build.0 = WindowsStore|Any CPU
		{327750E1-9FB7-4CC3-8AEA-9BC42180CAD3}.WindowsStoreDebug|Any CPU.ActiveCfg = WindowsStoreDebug|Any CPU
		{327750E1-9FB7-4CC3-8AEA-9BC42180CAD3}.WindowsStoreDebug|Any CPU.Build.0 = WindowsStoreDebug|Any CPU
		{E7DE6237-AEA2-498B-8F56-9B392472C490}.Debug|Any CPU.ActiveCfg = Debug|Any CPU
		{E7DE6237-AEA2-498B-8F56-9B392472C490}.Debug|Any CPU.Build.0 = Debug|Any CPU
		{E7DE6237-AEA2-498B-8F56-9B392472C490}.Release|Any CPU.ActiveCfg = Release|Any CPU
		{E7DE6237-AEA2-498B-8F56-9B392472C490}.Release|Any CPU.Build.0 = Release|Any CPU
		{E7DE6237-AEA2-498B-8F56-9B392472C490}.Steam|Any CPU.ActiveCfg = Steam|Any CPU
		{E7DE6237-AEA2-498B-8F56-9B392472C490}.Steam|Any CPU.Build.0 = Steam|Any CPU
		{E7DE6237-AEA2-498B-8F56-9B392472C490}.WindowsStore|Any CPU.ActiveCfg = WindowsStore|Any CPU
		{E7DE6237-AEA2-498B-8F56-9B392472C490}.WindowsStore|Any CPU.Build.0 = WindowsStore|Any CPU
		{E7DE6237-AEA2-498B-8F56-9B392472C490}.WindowsStoreDebug|Any CPU.ActiveCfg = WindowsStoreDebug|Any CPU
		{E7DE6237-AEA2-498B-8F56-9B392472C490}.WindowsStoreDebug|Any CPU.Build.0 = WindowsStoreDebug|Any CPU
		{D13441B6-96E1-4D1B-8A95-58A7D6CB1E24}.Debug|Any CPU.ActiveCfg = Debug|Any CPU
		{D13441B6-96E1-4D1B-8A95-58A7D6CB1E24}.Debug|Any CPU.Build.0 = Debug|Any CPU
		{D13441B6-96E1-4D1B-8A95-58A7D6CB1E24}.Release|Any CPU.ActiveCfg = Release|Any CPU
		{D13441B6-96E1-4D1B-8A95-58A7D6CB1E24}.Release|Any CPU.Build.0 = Release|Any CPU
		{D13441B6-96E1-4D1B-8A95-58A7D6CB1E24}.Steam|Any CPU.ActiveCfg = Steam|Any CPU
		{D13441B6-96E1-4D1B-8A95-58A7D6CB1E24}.Steam|Any CPU.Build.0 = Steam|Any CPU
		{D13441B6-96E1-4D1B-8A95-58A7D6CB1E24}.WindowsStore|Any CPU.ActiveCfg = WindowsStore|Any CPU
		{D13441B6-96E1-4D1B-8A95-58A7D6CB1E24}.WindowsStore|Any CPU.Build.0 = WindowsStore|Any CPU
		{D13441B6-96E1-4D1B-8A95-58A7D6CB1E24}.WindowsStoreDebug|Any CPU.ActiveCfg = WindowsStoreDebug|Any CPU
		{D13441B6-96E1-4D1B-8A95-58A7D6CB1E24}.WindowsStoreDebug|Any CPU.Build.0 = WindowsStoreDebug|Any CPU
		{750C6F46-2C5A-4488-81D3-3B35CA50F3EE}.Debug|Any CPU.ActiveCfg = Debug|Any CPU
		{750C6F46-2C5A-4488-81D3-3B35CA50F3EE}.Debug|Any CPU.Build.0 = Debug|Any CPU
		{750C6F46-2C5A-4488-81D3-3B35CA50F3EE}.Release|Any CPU.ActiveCfg = Release|Any CPU
		{750C6F46-2C5A-4488-81D3-3B35CA50F3EE}.Release|Any CPU.Build.0 = Release|Any CPU
		{750C6F46-2C5A-4488-81D3-3B35CA50F3EE}.Steam|Any CPU.ActiveCfg = Steam|Any CPU
		{750C6F46-2C5A-4488-81D3-3B35CA50F3EE}.Steam|Any CPU.Build.0 = Steam|Any CPU
		{750C6F46-2C5A-4488-81D3-3B35CA50F3EE}.WindowsStore|Any CPU.ActiveCfg = WindowsStore|Any CPU
		{750C6F46-2C5A-4488-81D3-3B35CA50F3EE}.WindowsStore|Any CPU.Build.0 = WindowsStore|Any CPU
		{750C6F46-2C5A-4488-81D3-3B35CA50F3EE}.WindowsStoreDebug|Any CPU.ActiveCfg = WindowsStoreDebug|Any CPU
		{750C6F46-2C5A-4488-81D3-3B35CA50F3EE}.WindowsStoreDebug|Any CPU.Build.0 = WindowsStoreDebug|Any CPU
		{1A190E53-1419-4CC2-B0E5-3BC7EA861C8B}.Debug|Any CPU.ActiveCfg = Debug|Any CPU
		{1A190E53-1419-4CC2-B0E5-3BC7EA861C8B}.Debug|Any CPU.Build.0 = Debug|Any CPU
		{1A190E53-1419-4CC2-B0E5-3BC7EA861C8B}.Release|Any CPU.ActiveCfg = Release|Any CPU
		{1A190E53-1419-4CC2-B0E5-3BC7EA861C8B}.Release|Any CPU.Build.0 = Release|Any CPU
		{1A190E53-1419-4CC2-B0E5-3BC7EA861C8B}.Steam|Any CPU.ActiveCfg = Steam|Any CPU
		{1A190E53-1419-4CC2-B0E5-3BC7EA861C8B}.Steam|Any CPU.Build.0 = Steam|Any CPU
		{1A190E53-1419-4CC2-B0E5-3BC7EA861C8B}.WindowsStore|Any CPU.ActiveCfg = WindowsStore|Any CPU
		{1A190E53-1419-4CC2-B0E5-3BC7EA861C8B}.WindowsStore|Any CPU.Build.0 = WindowsStore|Any CPU
		{1A190E53-1419-4CC2-B0E5-3BC7EA861C8B}.WindowsStoreDebug|Any CPU.ActiveCfg = WindowsStoreDebug|Any CPU
		{1A190E53-1419-4CC2-B0E5-3BC7EA861C8B}.WindowsStoreDebug|Any CPU.Build.0 = WindowsStoreDebug|Any CPU
		{254E398D-F7F5-4B2A-9024-5C121EA6C564}.Debug|Any CPU.ActiveCfg = Debug|Any CPU
		{254E398D-F7F5-4B2A-9024-5C121EA6C564}.Debug|Any CPU.Build.0 = Debug|Any CPU
		{254E398D-F7F5-4B2A-9024-5C121EA6C564}.Release|Any CPU.ActiveCfg = Release|Any CPU
		{254E398D-F7F5-4B2A-9024-5C121EA6C564}.Release|Any CPU.Build.0 = Release|Any CPU
		{254E398D-F7F5-4B2A-9024-5C121EA6C564}.Steam|Any CPU.ActiveCfg = Release|Any CPU
		{254E398D-F7F5-4B2A-9024-5C121EA6C564}.Steam|Any CPU.Build.0 = Release|Any CPU
		{254E398D-F7F5-4B2A-9024-5C121EA6C564}.WindowsStore|Any CPU.ActiveCfg = Release|Any CPU
		{254E398D-F7F5-4B2A-9024-5C121EA6C564}.WindowsStore|Any CPU.Build.0 = Release|Any CPU
		{254E398D-F7F5-4B2A-9024-5C121EA6C564}.WindowsStoreDebug|Any CPU.ActiveCfg = Debug|Any CPU
		{254E398D-F7F5-4B2A-9024-5C121EA6C564}.WindowsStoreDebug|Any CPU.Build.0 = Debug|Any CPU
		{DBDB0DAA-B3AE-4CC4-A8C2-20550B7F32E3}.Debug|Any CPU.ActiveCfg = Debug|Any CPU
		{DBDB0DAA-B3AE-4CC4-A8C2-20550B7F32E3}.Debug|Any CPU.Build.0 = Debug|Any CPU
		{DBDB0DAA-B3AE-4CC4-A8C2-20550B7F32E3}.Release|Any CPU.ActiveCfg = Release|Any CPU
		{DBDB0DAA-B3AE-4CC4-A8C2-20550B7F32E3}.Release|Any CPU.Build.0 = Release|Any CPU
		{DBDB0DAA-B3AE-4CC4-A8C2-20550B7F32E3}.Steam|Any CPU.ActiveCfg = Steam|Any CPU
		{DBDB0DAA-B3AE-4CC4-A8C2-20550B7F32E3}.Steam|Any CPU.Build.0 = Steam|Any CPU
		{DBDB0DAA-B3AE-4CC4-A8C2-20550B7F32E3}.WindowsStore|Any CPU.ActiveCfg = WindowsStore|Any CPU
		{DBDB0DAA-B3AE-4CC4-A8C2-20550B7F32E3}.WindowsStore|Any CPU.Build.0 = WindowsStore|Any CPU
		{DBDB0DAA-B3AE-4CC4-A8C2-20550B7F32E3}.WindowsStoreDebug|Any CPU.ActiveCfg = WindowsStoreDebug|Any CPU
		{DBDB0DAA-B3AE-4CC4-A8C2-20550B7F32E3}.WindowsStoreDebug|Any CPU.Build.0 = WindowsStoreDebug|Any CPU
		{E1C94415-3424-4517-A2A1-B2FDD1F59C67}.Debug|Any CPU.ActiveCfg = Debug|Any CPU
		{E1C94415-3424-4517-A2A1-B2FDD1F59C67}.Debug|Any CPU.Build.0 = Debug|Any CPU
		{E1C94415-3424-4517-A2A1-B2FDD1F59C67}.Release|Any CPU.ActiveCfg = Release|Any CPU
		{E1C94415-3424-4517-A2A1-B2FDD1F59C67}.Release|Any CPU.Build.0 = Release|Any CPU
		{E1C94415-3424-4517-A2A1-B2FDD1F59C67}.Steam|Any CPU.ActiveCfg = Steam|Any CPU
		{E1C94415-3424-4517-A2A1-B2FDD1F59C67}.Steam|Any CPU.Build.0 = Steam|Any CPU
		{E1C94415-3424-4517-A2A1-B2FDD1F59C67}.WindowsStore|Any CPU.ActiveCfg = WindowsStore|Any CPU
		{E1C94415-3424-4517-A2A1-B2FDD1F59C67}.WindowsStore|Any CPU.Build.0 = WindowsStore|Any CPU
		{E1C94415-3424-4517-A2A1-B2FDD1F59C67}.WindowsStoreDebug|Any CPU.ActiveCfg = WindowsStoreDebug|Any CPU
		{E1C94415-3424-4517-A2A1-B2FDD1F59C67}.WindowsStoreDebug|Any CPU.Build.0 = WindowsStoreDebug|Any CPU
	EndGlobalSection
	GlobalSection(SolutionProperties) = preSolution
		HideSolutionNode = FALSE
	EndGlobalSection
	GlobalSection(ExtensibilityGlobals) = postSolution
		SolutionGuid = {B5A91E83-E637-495F-A21A-48C43052955A}
	EndGlobalSection
EndGlobal
